
Microsoft Visual Studio Solution File, Format Version 12.00
# Visual Studio Version 16
VisualStudioVersion = 16.0.31112.23
MinimumVisualStudioVersion = 10.0.40219.1
Project("{9A19103F-16F7-4668-BE54-9A1E7A4F7556}") = "ImageBoardReact", "ImageBoardReact\ImageBoardReact.csproj", "{A76F8A11-CE42-41D1-9AD1-7558FB15A7DD}"
EndProject
Project("{9A19103F-16F7-4668-BE54-9A1E7A4F7556}") = "ImageBoardReact.Tests", "ImageBoardReact.Tests\ImageBoardReact.Tests.csproj", "{2BAD74DB-9382-4C53-A1FE-176147795CE1}"
EndProject
Global
	GlobalSection(SolutionConfigurationPlatforms) = preSolution
		Debug|Any CPU = Debug|Any CPU
		Release|Any CPU = Release|Any CPU
	EndGlobalSection
	GlobalSection(ProjectConfigurationPlatforms) = postSolution
		{A76F8A11-CE42-41D1-9AD1-7558FB15A7DD}.Debug|Any CPU.ActiveCfg = Debug|Any CPU
		{A76F8A11-CE42-41D1-9AD1-7558FB15A7DD}.Debug|Any CPU.Build.0 = Debug|Any CPU
		{A76F8A11-CE42-41D1-9AD1-7558FB15A7DD}.Release|Any CPU.ActiveCfg = Release|Any CPU
		{A76F8A11-CE42-41D1-9AD1-7558FB15A7DD}.Release|Any CPU.Build.0 = Release|Any CPU
		{2BAD74DB-9382-4C53-A1FE-176147795CE1}.Debug|Any CPU.ActiveCfg = Debug|Any CPU
		{2BAD74DB-9382-4C53-A1FE-176147795CE1}.Debug|Any CPU.Build.0 = Debug|Any CPU
		{2BAD74DB-9382-4C53-A1FE-176147795CE1}.Release|Any CPU.ActiveCfg = Release|Any CPU
		{2BAD74DB-9382-4C53-A1FE-176147795CE1}.Release|Any CPU.Build.0 = Release|Any CPU
	EndGlobalSection
	GlobalSection(SolutionProperties) = preSolution
		HideSolutionNode = FALSE
	EndGlobalSection
	GlobalSection(ExtensibilityGlobals) = postSolution
		SolutionGuid = {277A4137-1E3F-41B2-8A37-CD2F223B480C}
	EndGlobalSection
EndGlobal
